
Microsoft ViCPU
		{819DBD32-1AC8-4D80-95CA-E0D96392B31D}.Debug|Any CPU.Build.0 = Debug|Any CPU
		{819DBD32-1AC8-4D80-95CA-E0D96392B31D}.Release|Any CPU.ActiveCfg = Release|Any CPU
		{819DBD32-1AC8-4D80-95CA-E0D96392B31D}.Release|Any CPU.Build.0 = Release|Any CPU
	EndGlobalSection
	GlobalSection(SolutionProperties) = preSolution
		HideSolutionNode = FALSE
	EndGlobalSection
	GlobalSection(ExtensibilityGlobals) = postSolution
		SolutionGuid = {B9B3BA7D-32B4-49F6-9BBC-A19DDCEEEC4C}
	EndGlobalSection
EndGlobal
